// !$*UTF8*$!
{
	archiveVersion = 1;
	classes = {
	};
	objectVersion = 46;
	objects = {

/* Begin PBXBuildFile section */
		2E05DC561E5EFA0D009D506A /* AppDelegate.swift in Sources */ = {isa = PBXBuildFile; fileRef = 2E05DC551E5EFA0D009D506A /* AppDelegate.swift */; };
		2E05DC581E5EFA0D009D506A /* SignInVC.swift in Sources */ = {isa = PBXBuildFile; fileRef = 2E05DC571E5EFA0D009D506A /* SignInVC.swift */; };
		2E05DC5B1E5EFA0D009D506A /* Main.storyboard in Resources */ = {isa = PBXBuildFile; fileRef = 2E05DC591E5EFA0D009D506A /* Main.storyboard */; };
		2E05DC5D1E5EFA0D009D506A /* Assets.xcassets in Resources */ = {isa = PBXBuildFile; fileRef = 2E05DC5C1E5EFA0D009D506A /* Assets.xcassets */; };
		2E05DC601E5EFA0D009D506A /* LaunchScreen.storyboard in Resources */ = {isa = PBXBuildFile; fileRef = 2E05DC5E1E5EFA0D009D506A /* LaunchScreen.storyboard */; };
		2E05DC681E5EFAF1009D506A /* GoogleService-Info.plist in Resources */ = {isa = PBXBuildFile; fileRef = 2E05DC671E5EFAF1009D506A /* GoogleService-Info.plist */; };
		2E05DC6D1E5F405F009D506A /* FancyHeaderView.swift in Sources */ = {isa = PBXBuildFile; fileRef = 2E05DC6C1E5F405F009D506A /* FancyHeaderView.swift */; };
		2E05DC701E5F40E9009D506A /* Constants.swift in Sources */ = {isa = PBXBuildFile; fileRef = 2E05DC6F1E5F40E9009D506A /* Constants.swift */; };
		2E05DC721E5F4394009D506A /* RoundBtn.swift in Sources */ = {isa = PBXBuildFile; fileRef = 2E05DC711E5F4394009D506A /* RoundBtn.swift */; };
		2E05DC741E5F453B009D506A /* FancyTextField.swift in Sources */ = {isa = PBXBuildFile; fileRef = 2E05DC731E5F453B009D506A /* FancyTextField.swift */; };
		2E05DC761E5F4669009D506A /* FancyLoginButton.swift in Sources */ = {isa = PBXBuildFile; fileRef = 2E05DC751E5F4669009D506A /* FancyLoginButton.swift */; };
		F636071EC724270C33EA6248 /* Pods_Swfit_Class_Social.framework in Frameworks */ = {isa = PBXBuildFile; fileRef = 0C4FDD5BC6CD1A29225CFECC /* Pods_Swfit_Class_Social.framework */; };
/* End PBXBuildFile section */

/* Begin PBXFileReference section */
		0C4FDD5BC6CD1A29225CFECC /* Pods_Swfit_Class_Social.framework */ = {isa = PBXFileReference; explicitFileType = wrapper.framework; includeInIndex = 0; path = Pods_Swfit_Class_Social.framework; sourceTree = BUILT_PRODUCTS_DIR; };
		2D8E0275E980F8D40C0FC654 /* Pods-Swfit Class Social.debug.xcconfig */ = {isa = PBXFileReference; includeInIndex = 1; lastKnownFileType = text.xcconfig; name = "Pods-Swfit Class Social.debug.xcconfig"; path = "Pods/Target Support Files/Pods-Swfit Class Social/Pods-Swfit Class Social.debug.xcconfig"; sourceTree = "<group>"; };
		2E05DC521E5EFA0D009D506A /* Swift Class Social.app */ = {isa = PBXFileReference; explicitFileType = wrapper.application; includeInIndex = 0; path = "Swift Class Social.app"; sourceTree = BUILT_PRODUCTS_DIR; };
		2E05DC551E5EFA0D009D506A /* AppDelegate.swift */ = {isa = PBXFileReference; lastKnownFileType = sourcecode.swift; path = AppDelegate.swift; sourceTree = "<group>"; };
		2E05DC571E5EFA0D009D506A /* SignInVC.swift */ = {isa = PBXFileReference; lastKnownFileType = sourcecode.swift; path = SignInVC.swift; sourceTree = "<group>"; };
		2E05DC5A1E5EFA0D009D506A /* Base */ = {isa = PBXFileReference; lastKnownFileType = file.storyboard; name = Base; path = Base.lproj/Main.storyboard; sourceTree = "<group>"; };
		2E05DC5C1E5EFA0D009D506A /* Assets.xcassets */ = {isa = PBXFileReference; lastKnownFileType = folder.assetcatalog; path = Assets.xcassets; sourceTree = "<group>"; };
		2E05DC5F1E5EFA0D009D506A /* Base */ = {isa = PBXFileReference; lastKnownFileType = file.storyboard; name = Base; path = Base.lproj/LaunchScreen.storyboard; sourceTree = "<group>"; };
		2E05DC611E5EFA0D009D506A /* Info.plist */ = {isa = PBXFileReference; lastKnownFileType = text.plist.xml; path = Info.plist; sourceTree = "<group>"; };
		2E05DC671E5EFAF1009D506A /* GoogleService-Info.plist */ = {isa = PBXFileReference; fileEncoding = 4; lastKnownFileType = text.plist.xml; path = "GoogleService-Info.plist"; sourceTree = "<group>"; };
		2E05DC6C1E5F405F009D506A /* FancyHeaderView.swift */ = {isa = PBXFileReference; fileEncoding = 4; lastKnownFileType = sourcecode.swift; path = FancyHeaderView.swift; sourceTree = "<group>"; };
		2E05DC6F1E5F40E9009D506A /* Constants.swift */ = {isa = PBXFileReference; fileEncoding = 4; lastKnownFileType = sourcecode.swift; path = Constants.swift; sourceTree = "<group>"; };
		2E05DC711E5F4394009D506A /* RoundBtn.swift */ = {isa = PBXFileReference; fileEncoding = 4; lastKnownFileType = sourcecode.swift; path = RoundBtn.swift; sourceTree = "<group>"; };
		2E05DC731E5F453B009D506A /* FancyTextField.swift */ = {isa = PBXFileReference; fileEncoding = 4; lastKnownFileType = sourcecode.swift; path = FancyTextField.swift; sourceTree = "<group>"; };
		2E05DC751E5F4669009D506A /* FancyLoginButton.swift */ = {isa = PBXFileReference; fileEncoding = 4; lastKnownFileType = sourcecode.swift; path = FancyLoginButton.swift; sourceTree = "<group>"; };
		32A48BD5A0AAE15FC3CAD482 /* Pods-Swfit Class Social.release.xcconfig */ = {isa = PBXFileReference; includeInIndex = 1; lastKnownFileType = text.xcconfig; name = "Pods-Swfit Class Social.release.xcconfig"; path = "Pods/Target Support Files/Pods-Swfit Class Social/Pods-Swfit Class Social.release.xcconfig"; sourceTree = "<group>"; };
/* End PBXFileReference section */

/* Begin PBXFrameworksBuildPhase section */
		2E05DC4F1E5EFA0D009D506A /* Frameworks */ = {
			isa = PBXFrameworksBuildPhase;
			buildActionMask = 2147483647;
			files = (
				F636071EC724270C33EA6248 /* Pods_Swfit_Class_Social.framework in Frameworks */,
			);
			runOnlyForDeploymentPostprocessing = 0;
		};
/* End PBXFrameworksBuildPhase section */

/* Begin PBXGroup section */
		2E05DC491E5EFA0D009D506A = {
			isa = PBXGroup;
			children = (
				2E05DC541E5EFA0D009D506A /* Swift Class Social */,
				2E05DC531E5EFA0D009D506A /* Products */,
				E20F73F86E10549D847C102E /* Pods */,
				5E30A7ED876037A6CE6E482F /* Frameworks */,
			);
			sourceTree = "<group>";
		};
		2E05DC531E5EFA0D009D506A /* Products */ = {
			isa = PBXGroup;
			children = (
				2E05DC521E5EFA0D009D506A /* Swift Class Social.app */,
			);
			name = Products;
			sourceTree = "<group>";
		};
		2E05DC541E5EFA0D009D506A /* Swift Class Social */ = {
			isa = PBXGroup;
			children = (
				2E05DC6E1E5F40D7009D506A /* Util */,
				2E05DC691E5EFD31009D506A /* Model */,
				2E05DC6A1E5EFD37009D506A /* View */,
				2E05DC6B1E5EFD3C009D506A /* Controller */,
				2E05DC551E5EFA0D009D506A /* AppDelegate.swift */,
				2E05DC591E5EFA0D009D506A /* Main.storyboard */,
				2E05DC5C1E5EFA0D009D506A /* Assets.xcassets */,
				2E05DC5E1E5EFA0D009D506A /* LaunchScreen.storyboard */,
				2E05DC611E5EFA0D009D506A /* Info.plist */,
				2E05DC671E5EFAF1009D506A /* GoogleService-Info.plist */,
			);
			name = "Swift Class Social";
			path = "Swfit Class Social";
			sourceTree = "<group>";
		};
		2E05DC691E5EFD31009D506A /* Model */ = {
			isa = PBXGroup;
			children = (
			);
			name = Model;
			sourceTree = "<group>";
		};
		2E05DC6A1E5EFD37009D506A /* View */ = {
			isa = PBXGroup;
			children = (
				2E05DC6C1E5F405F009D506A /* FancyHeaderView.swift */,
				2E05DC711E5F4394009D506A /* RoundBtn.swift */,
				2E05DC731E5F453B009D506A /* FancyTextField.swift */,
				2E05DC751E5F4669009D506A /* FancyLoginButton.swift */,
			);
			name = View;
			sourceTree = "<group>";
		};
		2E05DC6B1E5EFD3C009D506A /* Controller */ = {
			isa = PBXGroup;
			children = (
				2E05DC571E5EFA0D009D506A /* SignInVC.swift */,
			);
			name = Controller;
			sourceTree = "<group>";
		};
		2E05DC6E1E5F40D7009D506A /* Util */ = {
			isa = PBXGroup;
			children = (
				2E05DC6F1E5F40E9009D506A /* Constants.swift */,
			);
			name = Util;
			sourceTree = "<group>";
		};
		5E30A7ED876037A6CE6E482F /* Frameworks */ = {
			isa = PBXGroup;
			children = (
				0C4FDD5BC6CD1A29225CFECC /* Pods_Swfit_Class_Social.framework */,
			);
			name = Frameworks;
			sourceTree = "<group>";
		};
		E20F73F86E10549D847C102E /* Pods */ = {
			isa = PBXGroup;
			children = (
				2D8E0275E980F8D40C0FC654 /* Pods-Swfit Class Social.debug.xcconfig */,
				32A48BD5A0AAE15FC3CAD482 /* Pods-Swfit Class Social.release.xcconfig */,
			);
			name = Pods;
			sourceTree = "<group>";
		};
/* End PBXGroup section */

/* Begin PBXNativeTarget section */
		2E05DC511E5EFA0D009D506A /* Swift Class Social */ = {
			isa = PBXNativeTarget;
			buildConfigurationList = 2E05DC641E5EFA0D009D506A /* Build configuration list for PBXNativeTarget "Swift Class Social" */;
			buildPhases = (
				164A606C07B918F43714067C /* [CP] Check Pods Manifest.lock */,
				2E05DC4E1E5EFA0D009D506A /* Sources */,
				2E05DC4F1E5EFA0D009D506A /* Frameworks */,
				2E05DC501E5EFA0D009D506A /* Resources */,
				466540AA3D5286485C95F91E /* [CP] Embed Pods Frameworks */,
				2659E993DE5BC9E6FFCFE69D /* [CP] Copy Pods Resources */,
			);
			buildRules = (
			);
			dependencies = (
			);
			name = "Swift Class Social";
			productName = "Swfit Class Social";
			productReference = 2E05DC521E5EFA0D009D506A /* Swift Class Social.app */;
			productType = "com.apple.product-type.application";
		};
/* End PBXNativeTarget section */

/* Begin PBXProject section */
		2E05DC4A1E5EFA0D009D506A /* Project object */ = {
			isa = PBXProject;
			attributes = {
				LastSwiftUpdateCheck = 0820;
				LastUpgradeCheck = 0820;
				ORGANIZATIONNAME = "Isaac Prunty";
				TargetAttributes = {
					2E05DC511E5EFA0D009D506A = {
						CreatedOnToolsVersion = 8.2.1;
						DevelopmentTeam = Q5H8ZY2244;
						ProvisioningStyle = Automatic;
					};
				};
			};
			buildConfigurationList = 2E05DC4D1E5EFA0D009D506A /* Build configuration list for PBXProject "Swift Class Social" */;
			compatibilityVersion = "Xcode 3.2";
			developmentRegion = English;
			hasScannedForEncodings = 0;
			knownRegions = (
				en,
				Base,
			);
			mainGroup = 2E05DC491E5EFA0D009D506A;
			productRefGroup = 2E05DC531E5EFA0D009D506A /* Products */;
			projectDirPath = "";
			projectRoot = "";
			targets = (
				2E05DC511E5EFA0D009D506A /* Swift Class Social */,
			);
		};
/* End PBXProject section */

/* Begin PBXResourcesBuildPhase section */
		2E05DC501E5EFA0D009D506A /* Resources */ = {
			isa = PBXResourcesBuildPhase;
			buildActionMask = 2147483647;
			files = (
				2E05DC601E5EFA0D009D506A /* LaunchScreen.storyboard in Resources */,
				2E05DC681E5EFAF1009D506A /* GoogleService-Info.plist in Resources */,
				2E05DC5D1E5EFA0D009D506A /* Assets.xcassets in Resources */,
				2E05DC5B1E5EFA0D009D506A /* Main.storyboard in Resources */,
			);
			runOnlyForDeploymentPostprocessing = 0;
		};
/* End PBXResourcesBuildPhase section */

/* Begin PBXShellScriptBuildPhase section */
		164A606C07B918F43714067C /* [CP] Check Pods Manifest.lock */ = {
			isa = PBXShellScriptBuildPhase;
			buildActionMask = 2147483647;
			files = (
			);
			inputPaths = (
			);
			name = "[CP] Check Pods Manifest.lock";
			outputPaths = (
			);
			runOnlyForDeploymentPostprocessing = 0;
			shellPath = /bin/sh;
			shellScript = "diff \"${PODS_ROOT}/../Podfile.lock\" \"${PODS_ROOT}/Manifest.lock\" > /dev/null\nif [ $? != 0 ] ; then\n    # print error to STDERR\n    echo \"error: The sandbox is not in sync with the Podfile.lock. Run 'pod install' or update your CocoaPods installation.\" >&2\n    exit 1\nfi\n";
			showEnvVarsInLog = 0;
		};
		2659E993DE5BC9E6FFCFE69D /* [CP] Copy Pods Resources */ = {
			isa = PBXShellScriptBuildPhase;
			buildActionMask = 2147483647;
			files = (
			);
			inputPaths = (
			);
			name = "[CP] Copy Pods Resources";
			outputPaths = (
			);
			runOnlyForDeploymentPostprocessing = 0;
			shellPath = /bin/sh;
			shellScript = "\"${SRCROOT}/Pods/Target Support Files/Pods-Swfit Class Social/Pods-Swfit Class Social-resources.sh\"\n";
			showEnvVarsInLog = 0;
		};
		466540AA3D5286485C95F91E /* [CP] Embed Pods Frameworks */ = {
			isa = PBXShellScriptBuildPhase;
			buildActionMask = 2147483647;
			files = (
			);
			inputPaths = (
			);
			name = "[CP] Embed Pods Frameworks";
			outputPaths = (
			);
			runOnlyForDeploymentPostprocessing = 0;
			shellPath = /bin/sh;
			shellScript = "\"${SRCROOT}/Pods/Target Support Files/Pods-Swfit Class Social/Pods-Swfit Class Social-frameworks.sh\"\n";
			showEnvVarsInLog = 0;
		};
/* End PBXShellScriptBuildPhase section */

/* Begin PBXSourcesBuildPhase section */
		2E05DC4E1E5EFA0D009D506A /* Sources */ = {
			isa = PBXSourcesBuildPhase;
			buildActionMask = 2147483647;
			files = (
				2E05DC6D1E5F405F009D506A /* FancyHeaderView.swift in Sources */,
				2E05DC721E5F4394009D506A /* RoundBtn.swift in Sources */,
				2E05DC581E5EFA0D009D506A /* SignInVC.swift in Sources */,
				2E05DC741E5F453B009D506A /* FancyTextField.swift in Sources */,
				2E05DC761E5F4669009D506A /* FancyLoginButton.swift in Sources */,
				2E05DC561E5EFA0D009D506A /* AppDelegate.swift in Sources */,
				2E05DC701E5F40E9009D506A /* Constants.swift in Sources */,
			);
			runOnlyForDeploymentPostprocessing = 0;
		};
/* End PBXSourcesBuildPhase section */

/* Begin PBXVariantGroup section */
		2E05DC591E5EFA0D009D506A /* Main.storyboard */ = {
			isa = PBXVariantGroup;
			children = (
				2E05DC5A1E5EFA0D009D506A /* Base */,
			);
			name = Main.storyboard;
			sourceTree = "<group>";
		};
		2E05DC5E1E5EFA0D009D506A /* LaunchScreen.storyboard */ = {
			isa = PBXVariantGroup;
			children = (
				2E05DC5F1E5EFA0D009D506A /* Base */,
			);
			name = LaunchScreen.storyboard;
			sourceTree = "<group>";
		};
/* End PBXVariantGroup section */

/* Begin XCBuildConfiguration section */
		2E05DC621E5EFA0D009D506A /* Debug */ = {
			isa = XCBuildConfiguration;
			buildSettings = {
				ALWAYS_SEARCH_USER_PATHS = NO;
				CLANG_ANALYZER_NONNULL = YES;
				CLANG_CXX_LANGUAGE_STANDARD = "gnu++0x";
				CLANG_CXX_LIBRARY = "libc++";
				CLANG_ENABLE_MODULES = YES;
				CLANG_ENABLE_OBJC_ARC = YES;
				CLANG_WARN_BOOL_CONVERSION = YES;
				CLANG_WARN_CONSTANT_CONVERSION = YES;
				CLANG_WARN_DIRECT_OBJC_ISA_USAGE = YES_ERROR;
				CLANG_WARN_DOCUMENTATION_COMMENTS = YES;
				CLANG_WARN_EMPTY_BODY = YES;
				CLANG_WARN_ENUM_CONVERSION = YES;
				CLANG_WARN_INFINITE_RECURSION = YES;
				CLANG_WARN_INT_CONVERSION = YES;
				CLANG_WARN_OBJC_ROOT_CLASS = YES_ERROR;
				CLANG_WARN_SUSPICIOUS_MOVE = YES;
				CLANG_WARN_UNREACHABLE_CODE = YES;
				CLANG_WARN__DUPLICATE_METHOD_MATCH = YES;
				"CODE_SIGN_IDENTITY[sdk=iphoneos*]" = "iPhone Developer";
				COPY_PHASE_STRIP = NO;
				DEBUG_INFORMATION_FORMAT = dwarf;
				ENABLE_STRICT_OBJC_MSGSEND = YES;
				ENABLE_TESTABILITY = YES;
				GCC_C_LANGUAGE_STANDARD = gnu99;
				GCC_DYNAMIC_NO_PIC = NO;
				GCC_NO_COMMON_BLOCKS = YES;
				GCC_OPTIMIZATION_LEVEL = 0;
				GCC_PREPROCESSOR_DEFINITIONS = (
					"DEBUG=1",
					"$(inherited)",
				);
				GCC_WARN_64_TO_32_BIT_CONVERSION = YES;
				GCC_WARN_ABOUT_RETURN_TYPE = YES_ERROR;
				GCC_WARN_UNDECLARED_SELECTOR = YES;
				GCC_WARN_UNINITIALIZED_AUTOS = YES_AGGRESSIVE;
				GCC_WARN_UNUSED_FUNCTION = YES;
				GCC_WARN_UNUSED_VARIABLE = YES;
				IPHONEOS_DEPLOYMENT_TARGET = 10.2;
				MTL_ENABLE_DEBUG_INFO = YES;
				ONLY_ACTIVE_ARCH = YES;
				SDKROOT = iphoneos;
				SWIFT_ACTIVE_COMPILATION_CONDITIONS = DEBUG;
				SWIFT_OPTIMIZATION_LEVEL = "-Onone";
				TARGETED_DEVICE_FAMILY = "1,2";
			};
			name = Debug;
		};
		2E05DC631E5EFA0D009D506A /* Release */ = {
			isa = XCBuildConfiguration;
			buildSettings = {
				ALWAYS_SEARCH_USER_PATHS = NO;
				CLANG_ANALYZER_NONNULL = YES;
				CLANG_CXX_LANGUAGE_STANDARD = "gnu++0x";
				CLANG_CXX_LIBRARY = "libc++";
				CLANG_ENABLE_MODULES = YES;
				CLANG_ENABLE_OBJC_ARC = YES;
				CLANG_WARN_BOOL_CONVERSION = YES;
				CLANG_WARN_CONSTANT_CONVERSION = YES;
				CLANG_WARN_DIRECT_OBJC_ISA_USAGE = YES_ERROR;
				CLANG_WARN_DOCUMENTATION_COMMENTS = YES;
				CLANG_WARN_EMPTY_BODY = YES;
				CLANG_WARN_ENUM_CONVERSION = YES;
				CLANG_WARN_INFINITE_RECURSION = YES;
				CLANG_WARN_INT_CONVERSION = YES;
				CLANG_WARN_OBJC_ROOT_CLASS = YES_ERROR;
				CLANG_WARN_SUSPICIOUS_MOVE = YES;
				CLANG_WARN_UNREACHABLE_CODE = YES;
				CLANG_WARN__DUPLICATE_METHOD_MATCH = YES;
				"CODE_SIGN_IDENTITY[sdk=iphoneos*]" = "iPhone Developer";
				COPY_PHASE_STRIP = NO;
				DEBUG_INFORMATION_FORMAT = "dwarf-with-dsym";
				ENABLE_NS_ASSERTIONS = NO;
				ENABLE_STRICT_OBJC_MSGSEND = YES;
				GCC_C_LANGUAGE_STANDARD = gnu99;
				GCC_NO_COMMON_BLOCKS = YES;
				GCC_WARN_64_TO_32_BIT_CONVERSION = YES;
				GCC_WARN_ABOUT_RETURN_TYPE = YES_ERROR;
				GCC_WARN_UNDECLARED_SELECTOR = YES;
				GCC_WARN_UNINITIALIZED_AUTOS = YES_AGGRESSIVE;
				GCC_WARN_UNUSED_FUNCTION = YES;
				GCC_WARN_UNUSED_VARIABLE = YES;
				IPHONEOS_DEPLOYMENT_TARGET = 10.2;
				MTL_ENABLE_DEBUG_INFO = NO;
				SDKROOT = iphoneos;
				SWIFT_OPTIMIZATION_LEVEL = "-Owholemodule";
				TARGETED_DEVICE_FAMILY = "1,2";
				VALIDATE_PRODUCT = YES;
			};
			name = Release;
		};
		2E05DC651E5EFA0D009D506A /* Debug */ = {
			isa = XCBuildConfiguration;
			baseConfigurationReference = 2D8E0275E980F8D40C0FC654 /* Pods-Swfit Class Social.debug.xcconfig */;
			buildSettings = {
				ASSETCATALOG_COMPILER_APPICON_NAME = AppIcon;
				DEVELOPMENT_TEAM = Q5H8ZY2244;
				INFOPLIST_FILE = "Swfit Class Social/Info.plist";
				LD_RUNPATH_SEARCH_PATHS = "$(inherited) @executable_path/Frameworks";
				PRODUCT_BUNDLE_IDENTIFIER = "com.lifelearnerisaac.Swift-Class-Social";
				PRODUCT_NAME = "$(TARGET_NAME)";
				SWIFT_VERSION = 3.0;
			};
			name = Debug;
		};
		2E05DC661E5EFA0D009D506A /* Release */ = {
			isa = XCBuildConfiguration;
			baseConfigurationReference = 32A48BD5A0AAE15FC3CAD482 /* Pods-Swfit Class Social.release.xcconfig */;
			buildSettings = {
				ASSETCATALOG_COMPILER_APPICON_NAME = AppIcon;
				DEVELOPMENT_TEAM = Q5H8ZY2244;
				INFOPLIST_FILE = "Swfit Class Social/Info.plist";
				LD_RUNPATH_SEARCH_PATHS = "$(inherited) @executable_path/Frameworks";
				PRODUCT_BUNDLE_IDENTIFIER = "com.lifelearnerisaac.Swift-Class-Social";
				PRODUCT_NAME = "$(TARGET_NAME)";
				SWIFT_VERSION = 3.0;
			};
			name = Release;
		};
/* End XCBuildConfiguration section */

/* Begin XCConfigurationList section */
		2E05DC4D1E5EFA0D009D506A /* Build configuration list for PBXProject "Swift Class Social" */ = {
			isa = XCConfigurationList;
			buildConfigurations = (
				2E05DC621E5EFA0D009D506A /* Debug */,
				2E05DC631E5EFA0D009D506A /* Release */,
			);
			defaultConfigurationIsVisible = 0;
			defaultConfigurationName = Release;
		};
		2E05DC641E5EFA0D009D506A /* Build configuration list for PBXNativeTarget "Swift Class Social" */ = {
			isa = XCConfigurationList;
			buildConfigurations = (
				2E05DC651E5EFA0D009D506A /* Debug */,
				2E05DC661E5EFA0D009D506A /* Release */,
			);
			defaultConfigurationIsVisible = 0;
			defaultConfigurationName = Release;
		};
/* End XCConfigurationList section */
	};
	rootObject = 2E05DC4A1E5EFA0D009D506A /* Project object */;
}
